
Microsoft Visual Studio Solution File, Format Version 12.00
# Visual Studio Version 16
VisualStudioVersion = 16.0.28803.156
MinimumVisualStudioVersion = 10.0.40219.1
Project("{FAE04EC0-301F-11D3-BF4B-00C04F79EFBC}") = "BookOfKnownledge", "BookOfKnownledge.csproj", "{EE0EB245-268E-4FC9-A946-834E3F5F3B88}"
EndProject
Global
	GlobalSection(SolutionConfigurationPlatforms) = preSolution
		Debug|Any CPU = Debug|Any CPU
		Release|Any CPU = Release|Any CPU
	EndGlobalSection
	GlobalSection(ProjectConfigurationPlatforms) = postSolution
		{EE0EB245-268E-4FC9-A946-834E3F5F3B88}.Debug|Any CPU.ActiveCfg = Debug|Any CPU
		{EE0EB245-268E-4FC9-A946-834E3F5F3B88}.Debug|Any CPU.Build.0 = Debug|Any CPU
		{EE0EB245-268E-4FC9-A946-834E3F5F3B88}.Release|Any CPU.ActiveCfg = Release|Any CPU
		{EE0EB245-268E-4FC9-A946-834E3F5F3B88}.Release|Any CPU.Build.0 = Release|Any CPU
	EndGlobalSection
	GlobalSection(SolutionProperties) = preSolution
		HideSolutionNode = FALSE
	EndGlobalSection
	GlobalSection(ExtensibilityGlobals) = postSolution
		SolutionGuid = {D15F87F2-A986-4C06-BDF9-27A835BFBA63}
	EndGlobalSection
EndGlobal
